// !$*UTF8*$!
{
	archiveVersion = 1;
	classes = {
	};
	objectVersion = 50;
	objects = {

/* Begin PBXBuildFile section */
		7216F8502344319500E94506 /* AppDelegate.swift in Sources */ = {isa = PBXBuildFile; fileRef = 7216F84F2344319500E94506 /* AppDelegate.swift */; };
		7216F8522344319500E94506 /* SceneDelegate.swift in Sources */ = {isa = PBXBuildFile; fileRef = 7216F8512344319500E94506 /* SceneDelegate.swift */; };
		7216F8592344319700E94506 /* Assets.xcassets in Resources */ = {isa = PBXBuildFile; fileRef = 7216F8582344319700E94506 /* Assets.xcassets */; };
		7216F85C2344319700E94506 /* LaunchScreen.storyboard in Resources */ = {isa = PBXBuildFile; fileRef = 7216F85A2344319700E94506 /* LaunchScreen.storyboard */; };
		7216F8672344319700E94506 /* NavigationPrototypeTests.swift in Sources */ = {isa = PBXBuildFile; fileRef = 7216F8662344319700E94506 /* NavigationPrototypeTests.swift */; };
		7216F8722344319700E94506 /* NavigationPrototypeUITests.swift in Sources */ = {isa = PBXBuildFile; fileRef = 7216F8712344319700E94506 /* NavigationPrototypeUITests.swift */; };
		7216F881234431C100E94506 /* ViewControllerA.swift in Sources */ = {isa = PBXBuildFile; fileRef = 7216F87F234431C100E94506 /* ViewControllerA.swift */; };
		7216F882234431C100E94506 /* ViewControllerA.xib in Resources */ = {isa = PBXBuildFile; fileRef = 7216F880234431C100E94506 /* ViewControllerA.xib */; };
		7216F88C2344478300E94506 /* ViewControllerC.swift in Sources */ = {isa = PBXBuildFile; fileRef = 7216F88A2344478300E94506 /* ViewControllerC.swift */; };
		7216F88D2344478300E94506 /* ViewControllerC.xib in Resources */ = {isa = PBXBuildFile; fileRef = 7216F88B2344478300E94506 /* ViewControllerC.xib */; };
		7216F891234447A400E94506 /* ViewControllerE.swift in Sources */ = {isa = PBXBuildFile; fileRef = 7216F88F234447A400E94506 /* ViewControllerE.swift */; };
		7216F892234447A400E94506 /* ViewControllerE.xib in Resources */ = {isa = PBXBuildFile; fileRef = 7216F890234447A400E94506 /* ViewControllerE.xib */; };
		7216F8962344482600E94506 /* ViewControllerB.swift in Sources */ = {isa = PBXBuildFile; fileRef = 7216F8942344482600E94506 /* ViewControllerB.swift */; };
		7216F8972344482600E94506 /* ViewControllerB.xib in Resources */ = {isa = PBXBuildFile; fileRef = 7216F8952344482600E94506 /* ViewControllerB.xib */; };
		7216F89A2344497B00E94506 /* ViewControllerD.swift in Sources */ = {isa = PBXBuildFile; fileRef = 7216F8982344497B00E94506 /* ViewControllerD.swift */; };
		7216F89B2344497B00E94506 /* ViewControllerD.xib in Resources */ = {isa = PBXBuildFile; fileRef = 7216F8992344497B00E94506 /* ViewControllerD.xib */; };
		7216F8A523444D5B00E94506 /* GradientViewController.swift in Sources */ = {isa = PBXBuildFile; fileRef = 7216F8A323444D5B00E94506 /* GradientViewController.swift */; };
		7216F8A623444D5B00E94506 /* GradientViewController.xib in Resources */ = {isa = PBXBuildFile; fileRef = 7216F8A423444D5B00E94506 /* GradientViewController.xib */; };
/* End PBXBuildFile section */

/* Begin PBXContainerItemProxy section */
		7216F8632344319700E94506 /* PBXContainerItemProxy */ = {
			isa = PBXContainerItemProxy;
			containerPortal = 7216F8442344319500E94506 /* Project object */;
			proxyType = 1;
			remoteGlobalIDString = 7216F84B2344319500E94506;
			remoteInfo = NavigationPrototype;
		};
		7216F86E2344319700E94506 /* PBXContainerItemProxy */ = {
			isa = PBXContainerItemProxy;
			containerPortal = 7216F8442344319500E94506 /* Project object */;
			proxyType = 1;
			remoteGlobalIDString = 7216F84B2344319500E94506;
			remoteInfo = NavigationPrototype;
		};
/* End PBXContainerItemProxy section */

/* Begin PBXFileReference section */
		7216F84C2344319500E94506 /* NavigationPrototype.app */ = {isa = PBXFileReference; explicitFileType = wrapper.application; includeInIndex = 0; path = NavigationPrototype.app; sourceTree = BUILT_PRODUCTS_DIR; };
		7216F84F2344319500E94506 /* AppDelegate.swift */ = {isa = PBXFileReference; lastKnownFileType = sourcecode.swift; path = AppDelegate.swift; sourceTree = "<group>"; };
		7216F8512344319500E94506 /* SceneDelegate.swift */ = {isa = PBXFileReference; lastKnownFileType = sourcecode.swift; path = SceneDelegate.swift; sourceTree = "<group>"; };
		7216F8582344319700E94506 /* Assets.xcassets */ = {isa = PBXFileReference; lastKnownFileType = folder.assetcatalog; path = Assets.xcassets; sourceTree = "<group>"; };
		7216F85B2344319700E94506 /* Base */ = {isa = PBXFileReference; lastKnownFileType = file.storyboard; name = Base; path = Base.lproj/LaunchScreen.storyboard; sourceTree = "<group>"; };
		7216F85D2344319700E94506 /* Info.plist */ = {isa = PBXFileReference; lastKnownFileType = text.plist.xml; path = Info.plist; sourceTree = "<group>"; };
		7216F8622344319700E94506 /* NavigationPrototypeTests.xctest */ = {isa = PBXFileReference; explicitFileType = wrapper.cfbundle; includeInIndex = 0; path = NavigationPrototypeTests.xctest; sourceTree = BUILT_PRODUCTS_DIR; };
		7216F8662344319700E94506 /* NavigationPrototypeTests.swift */ = {isa = PBXFileReference; lastKnownFileType = sourcecode.swift; path = NavigationPrototypeTests.swift; sourceTree = "<group>"; };
		7216F8682344319700E94506 /* Info.plist */ = {isa = PBXFileReference; lastKnownFileType = text.plist.xml; path = Info.plist; sourceTree = "<group>"; };
		7216F86D2344319700E94506 /* NavigationPrototypeUITests.xctest */ = {isa = PBXFileReference; explicitFileType = wrapper.cfbundle; includeInIndex = 0; path = NavigationPrototypeUITests.xctest; sourceTree = BUILT_PRODUCTS_DIR; };
		7216F8712344319700E94506 /* NavigationPrototypeUITests.swift */ = {isa = PBXFileReference; lastKnownFileType = sourcecode.swift; path = NavigationPrototypeUITests.swift; sourceTree = "<group>"; };
		7216F8732344319700E94506 /* Info.plist */ = {isa = PBXFileReference; lastKnownFileType = text.plist.xml; path = Info.plist; sourceTree = "<group>"; };
		7216F87F234431C100E94506 /* ViewControllerA.swift */ = {isa = PBXFileReference; lastKnownFileType = sourcecode.swift; path = ViewControllerA.swift; sourceTree = "<group>"; };
		7216F880234431C100E94506 /* ViewControllerA.xib */ = {isa = PBXFileReference; lastKnownFileType = file.xib; path = ViewControllerA.xib; sourceTree = "<group>"; };
		7216F88A2344478300E94506 /* ViewControllerC.swift */ = {isa = PBXFileReference; lastKnownFileType = sourcecode.swift; path = ViewControllerC.swift; sourceTree = "<group>"; };
		7216F88B2344478300E94506 /* ViewControllerC.xib */ = {isa = PBXFileReference; lastKnownFileType = file.xib; path = ViewControllerC.xib; sourceTree = "<group>"; };
		7216F88F234447A400E94506 /* ViewControllerE.swift */ = {isa = PBXFileReference; lastKnownFileType = sourcecode.swift; path = ViewControllerE.swift; sourceTree = "<group>"; };
		7216F890234447A400E94506 /* ViewControllerE.xib */ = {isa = PBXFileReference; lastKnownFileType = file.xib; path = ViewControllerE.xib; sourceTree = "<group>"; };
		7216F8942344482600E94506 /* ViewControllerB.swift */ = {isa = PBXFileReference; lastKnownFileType = sourcecode.swift; path = ViewControllerB.swift; sourceTree = "<group>"; };
		7216F8952344482600E94506 /* ViewControllerB.xib */ = {isa = PBXFileReference; lastKnownFileType = file.xib; path = ViewControllerB.xib; sourceTree = "<group>"; };
		7216F8982344497B00E94506 /* ViewControllerD.swift */ = {isa = PBXFileReference; lastKnownFileType = sourcecode.swift; path = ViewControllerD.swift; sourceTree = "<group>"; };
		7216F8992344497B00E94506 /* ViewControllerD.xib */ = {isa = PBXFileReference; lastKnownFileType = file.xib; path = ViewControllerD.xib; sourceTree = "<group>"; };
		7216F8A323444D5B00E94506 /* GradientViewController.swift */ = {isa = PBXFileReference; lastKnownFileType = sourcecode.swift; path = GradientViewController.swift; sourceTree = "<group>"; };
		7216F8A423444D5B00E94506 /* GradientViewController.xib */ = {isa = PBXFileReference; lastKnownFileType = file.xib; path = GradientViewController.xib; sourceTree = "<group>"; };
/* End PBXFileReference section */

/* Begin PBXFrameworksBuildPhase section */
		7216F8492344319500E94506 /* Frameworks */ = {
			isa = PBXFrameworksBuildPhase;
			buildActionMask = 2147483647;
			files = (
			);
			runOnlyForDeploymentPostprocessing = 0;
		};
		7216F85F2344319700E94506 /* Frameworks */ = {
			isa = PBXFrameworksBuildPhase;
			buildActionMask = 2147483647;
			files = (
			);
			runOnlyForDeploymentPostprocessing = 0;
		};
		7216F86A2344319700E94506 /* Frameworks */ = {
			isa = PBXFrameworksBuildPhase;
			buildActionMask = 2147483647;
			files = (
			);
			runOnlyForDeploymentPostprocessing = 0;
		};
/* End PBXFrameworksBuildPhase section */

/* Begin PBXGroup section */
		7216F8432344319500E94506 = {
			isa = PBXGroup;
			children = (
				7216F84E2344319500E94506 /* NavigationPrototype */,
				7216F8652344319700E94506 /* NavigationPrototypeTests */,
				7216F8702344319700E94506 /* NavigationPrototypeUITests */,
				7216F84D2344319500E94506 /* Products */,
			);
			sourceTree = "<group>";
		};
		7216F84D2344319500E94506 /* Products */ = {
			isa = PBXGroup;
			children = (
				7216F84C2344319500E94506 /* NavigationPrototype.app */,
				7216F8622344319700E94506 /* NavigationPrototypeTests.xctest */,
				7216F86D2344319700E94506 /* NavigationPrototypeUITests.xctest */,
			);
			name = Products;
			sourceTree = "<group>";
		};
		7216F84E2344319500E94506 /* NavigationPrototype */ = {
			isa = PBXGroup;
			children = (
				7216F8A123444D0000E94506 /* NavigationPrototype */,
				7216F8A023444CF200E94506 /* CustomNavigation */,
				7216F84F2344319500E94506 /* AppDelegate.swift */,
				7216F8512344319500E94506 /* SceneDelegate.swift */,
				7216F8582344319700E94506 /* Assets.xcassets */,
				7216F85A2344319700E94506 /* LaunchScreen.storyboard */,
				7216F85D2344319700E94506 /* Info.plist */,
			);
			path = NavigationPrototype;
			sourceTree = "<group>";
		};
		7216F8652344319700E94506 /* NavigationPrototypeTests */ = {
			isa = PBXGroup;
			children = (
				7216F8662344319700E94506 /* NavigationPrototypeTests.swift */,
				7216F8682344319700E94506 /* Info.plist */,
			);
			path = NavigationPrototypeTests;
			sourceTree = "<group>";
		};
		7216F8702344319700E94506 /* NavigationPrototypeUITests */ = {
			isa = PBXGroup;
			children = (
				7216F8712344319700E94506 /* NavigationPrototypeUITests.swift */,
				7216F8732344319700E94506 /* Info.plist */,
			);
			path = NavigationPrototypeUITests;
			sourceTree = "<group>";
		};
		7216F8872344476600E94506 /* ViewA */ = {
			isa = PBXGroup;
			children = (
				7216F87F234431C100E94506 /* ViewControllerA.swift */,
				7216F880234431C100E94506 /* ViewControllerA.xib */,
			);
			path = ViewA;
			sourceTree = "<group>";
		};
		7216F8882344476E00E94506 /* ViewB */ = {
			isa = PBXGroup;
			children = (
				7216F8942344482600E94506 /* ViewControllerB.swift */,
				7216F8952344482600E94506 /* ViewControllerB.xib */,
			);
			path = ViewB;
			sourceTree = "<group>";
		};
		7216F8892344477300E94506 /* ViewC */ = {
			isa = PBXGroup;
			children = (
				7216F88A2344478300E94506 /* ViewControllerC.swift */,
				7216F88B2344478300E94506 /* ViewControllerC.xib */,
			);
			path = ViewC;
			sourceTree = "<group>";
		};
		7216F88E2344479500E94506 /* ViewD */ = {
			isa = PBXGroup;
			children = (
				7216F8982344497B00E94506 /* ViewControllerD.swift */,
				7216F8992344497B00E94506 /* ViewControllerD.xib */,
			);
			path = ViewD;
			sourceTree = "<group>";
		};
		7216F893234447AB00E94506 /* ViewE */ = {
			isa = PBXGroup;
			children = (
				7216F88F234447A400E94506 /* ViewControllerE.swift */,
				7216F890234447A400E94506 /* ViewControllerE.xib */,
			);
			path = ViewE;
			sourceTree = "<group>";
		};
		7216F8A023444CF200E94506 /* CustomNavigation */ = {
			isa = PBXGroup;
			children = (
				7216F8A323444D5B00E94506 /* GradientViewController.swift */,
				7216F8A423444D5B00E94506 /* GradientViewController.xib */,
			);
			path = CustomNavigation;
			sourceTree = "<group>";
		};
		7216F8A123444D0000E94506 /* NavigationPrototype */ = {
			isa = PBXGroup;
			children = (
				7216F893234447AB00E94506 /* ViewE */,
				7216F88E2344479500E94506 /* ViewD */,
				7216F8892344477300E94506 /* ViewC */,
				7216F8882344476E00E94506 /* ViewB */,
				7216F8872344476600E94506 /* ViewA */,
			);
			path = NavigationPrototype;
			sourceTree = "<group>";
		};
/* End PBXGroup section */

/* Begin PBXNativeTarget section */
		7216F84B2344319500E94506 /* NavigationPrototype */ = {
			isa = PBXNativeTarget;
			buildConfigurationList = 7216F8762344319700E94506 /* Build configuration list for PBXNativeTarget "NavigationPrototype" */;
			buildPhases = (
				7216F8482344319500E94506 /* Sources */,
				7216F8492344319500E94506 /* Frameworks */,
				7216F84A2344319500E94506 /* Resources */,
			);
			buildRules = (
			);
			dependencies = (
			);
			name = NavigationPrototype;
			productName = NavigationPrototype;
			productReference = 7216F84C2344319500E94506 /* NavigationPrototype.app */;
			productType = "com.apple.product-type.application";
		};
		7216F8612344319700E94506 /* NavigationPrototypeTests */ = {
			isa = PBXNativeTarget;
			buildConfigurationList = 7216F8792344319700E94506 /* Build configuration list for PBXNativeTarget "NavigationPrototypeTests" */;
			buildPhases = (
				7216F85E2344319700E94506 /* Sources */,
				7216F85F2344319700E94506 /* Frameworks */,
				7216F8602344319700E94506 /* Resources */,
			);
			buildRules = (
			);
			dependencies = (
				7216F8642344319700E94506 /* PBXTargetDependency */,
			);
			name = NavigationPrototypeTests;
			productName = NavigationPrototypeTests;
			productReference = 7216F8622344319700E94506 /* NavigationPrototypeTests.xctest */;
			productType = "com.apple.product-type.bundle.unit-test";
		};
		7216F86C2344319700E94506 /* NavigationPrototypeUITests */ = {
			isa = PBXNativeTarget;
			buildConfigurationList = 7216F87C2344319700E94506 /* Build configuration list for PBXNativeTarget "NavigationPrototypeUITests" */;
			buildPhases = (
				7216F8692344319700E94506 /* Sources */,
				7216F86A2344319700E94506 /* Frameworks */,
				7216F86B2344319700E94506 /* Resources */,
			);
			buildRules = (
			);
			dependencies = (
				7216F86F2344319700E94506 /* PBXTargetDependency */,
			);
			name = NavigationPrototypeUITests;
			productName = NavigationPrototypeUITests;
			productReference = 7216F86D2344319700E94506 /* NavigationPrototypeUITests.xctest */;
			productType = "com.apple.product-type.bundle.ui-testing";
		};
/* End PBXNativeTarget section */

/* Begin PBXProject section */
		7216F8442344319500E94506 /* Project object */ = {
			isa = PBXProject;
			attributes = {
				LastSwiftUpdateCheck = 1100;
				LastUpgradeCheck = 1100;
				ORGANIZATIONNAME = MBA0051;
				TargetAttributes = {
					7216F84B2344319500E94506 = {
						CreatedOnToolsVersion = 11.0;
					};
					7216F8612344319700E94506 = {
						CreatedOnToolsVersion = 11.0;
						TestTargetID = 7216F84B2344319500E94506;
					};
					7216F86C2344319700E94506 = {
						CreatedOnToolsVersion = 11.0;
						TestTargetID = 7216F84B2344319500E94506;
					};
				};
			};
			buildConfigurationList = 7216F8472344319500E94506 /* Build configuration list for PBXProject "NavigationPrototype" */;
			compatibilityVersion = "Xcode 9.3";
			developmentRegion = en;
			hasScannedForEncodings = 0;
			knownRegions = (
				en,
				Base,
			);
			mainGroup = 7216F8432344319500E94506;
			productRefGroup = 7216F84D2344319500E94506 /* Products */;
			projectDirPath = "";
			projectRoot = "";
			targets = (
				7216F84B2344319500E94506 /* NavigationPrototype */,
				7216F8612344319700E94506 /* NavigationPrototypeTests */,
				7216F86C2344319700E94506 /* NavigationPrototypeUITests */,
			);
		};
/* End PBXProject section */

/* Begin PBXResourcesBuildPhase section */
		7216F84A2344319500E94506 /* Resources */ = {
			isa = PBXResourcesBuildPhase;
			buildActionMask = 2147483647;
			files = (
				7216F8A623444D5B00E94506 /* GradientViewController.xib in Resources */,
				7216F892234447A400E94506 /* ViewControllerE.xib in Resources */,
				7216F882234431C100E94506 /* ViewControllerA.xib in Resources */,
				7216F89B2344497B00E94506 /* ViewControllerD.xib in Resources */,
				7216F85C2344319700E94506 /* LaunchScreen.storyboard in Resources */,
				7216F8972344482600E94506 /* ViewControllerB.xib in Resources */,
				7216F88D2344478300E94506 /* ViewControllerC.xib in Resources */,
				7216F8592344319700E94506 /* Assets.xcassets in Resources */,
			);
			runOnlyForDeploymentPostprocessing = 0;
		};
		7216F8602344319700E94506 /* Resources */ = {
			isa = PBXResourcesBuildPhase;
			buildActionMask = 2147483647;
			files = (
			);
			runOnlyForDeploymentPostprocessing = 0;
		};
		7216F86B2344319700E94506 /* Resources */ = {
			isa = PBXResourcesBuildPhase;
			buildActionMask = 2147483647;
			files = (
			);
			runOnlyForDeploymentPostprocessing = 0;
		};
/* End PBXResourcesBuildPhase section */

/* Begin PBXSourcesBuildPhase section */
		7216F8482344319500E94506 /* Sources */ = {
			isa = PBXSourcesBuildPhase;
			buildActionMask = 2147483647;
			files = (
				7216F8502344319500E94506 /* AppDelegate.swift in Sources */,
				7216F891234447A400E94506 /* ViewControllerE.swift in Sources */,
				7216F89A2344497B00E94506 /* ViewControllerD.swift in Sources */,
				7216F88C2344478300E94506 /* ViewControllerC.swift in Sources */,
				7216F8A523444D5B00E94506 /* GradientViewController.swift in Sources */,
				7216F8962344482600E94506 /* ViewControllerB.swift in Sources */,
				7216F881234431C100E94506 /* ViewControllerA.swift in Sources */,
				7216F8522344319500E94506 /* SceneDelegate.swift in Sources */,
			);
			runOnlyForDeploymentPostprocessing = 0;
		};
		7216F85E2344319700E94506 /* Sources */ = {
			isa = PBXSourcesBuildPhase;
			buildActionMask = 2147483647;
			files = (
				7216F8672344319700E94506 /* NavigationPrototypeTests.swift in Sources */,
			);
			runOnlyForDeploymentPostprocessing = 0;
		};
		7216F8692344319700E94506 /* Sources */ = {
			isa = PBXSourcesBuildPhase;
			buildActionMask = 2147483647;
			files = (
				7216F8722344319700E94506 /* NavigationPrototypeUITests.swift in Sources */,
			);
			runOnlyForDeploymentPostprocessing = 0;
		};
/* End PBXSourcesBuildPhase section */

/* Begin PBXTargetDependency section */
		7216F8642344319700E94506 /* PBXTargetDependency */ = {
			isa = PBXTargetDependency;
			target = 7216F84B2344319500E94506 /* NavigationPrototype */;
			targetProxy = 7216F8632344319700E94506 /* PBXContainerItemProxy */;
		};
		7216F86F2344319700E94506 /* PBXTargetDependency */ = {
			isa = PBXTargetDependency;
			target = 7216F84B2344319500E94506 /* NavigationPrototype */;
			targetProxy = 7216F86E2344319700E94506 /* PBXContainerItemProxy */;
		};
/* End PBXTargetDependency section */

/* Begin PBXVariantGroup section */
		7216F85A2344319700E94506 /* LaunchScreen.storyboard */ = {
			isa = PBXVariantGroup;
			children = (
				7216F85B2344319700E94506 /* Base */,
			);
			name = LaunchScreen.storyboard;
			sourceTree = "<group>";
		};
/* End PBXVariantGroup section */

/* Begin XCBuildConfiguration section */
		7216F8742344319700E94506 /* Debug */ = {
			isa = XCBuildConfiguration;
			buildSettings = {
				ALWAYS_SEARCH_USER_PATHS = NO;
				CLANG_ANALYZER_NONNULL = YES;
				CLANG_ANALYZER_NUMBER_OBJECT_CONVERSION = YES_AGGRESSIVE;
				CLANG_CXX_LANGUAGE_STANDARD = "gnu++14";
				CLANG_CXX_LIBRARY = "libc++";
				CLANG_ENABLE_MODULES = YES;
				CLANG_ENABLE_OBJC_ARC = YES;
				CLANG_ENABLE_OBJC_WEAK = YES;
				CLANG_WARN_BLOCK_CAPTURE_AUTORELEASING = YES;
				CLANG_WARN_BOOL_CONVERSION = YES;
				CLANG_WARN_COMMA = YES;
				CLANG_WARN_CONSTANT_CONVERSION = YES;
				CLANG_WARN_DEPRECATED_OBJC_IMPLEMENTATIONS = YES;
				CLANG_WARN_DIRECT_OBJC_ISA_USAGE = YES_ERROR;
				CLANG_WARN_DOCUMENTATION_COMMENTS = YES;
				CLANG_WARN_EMPTY_BODY = YES;
				CLANG_WARN_ENUM_CONVERSION = YES;
				CLANG_WARN_INFINITE_RECURSION = YES;
				CLANG_WARN_INT_CONVERSION = YES;
				CLANG_WARN_NON_LITERAL_NULL_CONVERSION = YES;
				CLANG_WARN_OBJC_IMPLICIT_RETAIN_SELF = YES;
				CLANG_WARN_OBJC_LITERAL_CONVERSION = YES;
				CLANG_WARN_OBJC_ROOT_CLASS = YES_ERROR;
				CLANG_WARN_RANGE_LOOP_ANALYSIS = YES;
				CLANG_WARN_STRICT_PROTOTYPES = YES;
				CLANG_WARN_SUSPICIOUS_MOVE = YES;
				CLANG_WARN_UNGUARDED_AVAILABILITY = YES_AGGRESSIVE;
				CLANG_WARN_UNREACHABLE_CODE = YES;
				CLANG_WARN__DUPLICATE_METHOD_MATCH = YES;
				COPY_PHASE_STRIP = NO;
				DEBUG_INFORMATION_FORMAT = dwarf;
				ENABLE_STRICT_OBJC_MSGSEND = YES;
				ENABLE_TESTABILITY = YES;
				GCC_C_LANGUAGE_STANDARD = gnu11;
				GCC_DYNAMIC_NO_PIC = NO;
				GCC_NO_COMMON_BLOCKS = YES;
				GCC_OPTIMIZATION_LEVEL = 0;
				GCC_PREPROCESSOR_DEFINITIONS = (
					"DEBUG=1",
					"$(inherited)",
				);
				GCC_WARN_64_TO_32_BIT_CONVERSION = YES;
				GCC_WARN_ABOUT_RETURN_TYPE = YES_ERROR;
				GCC_WARN_UNDECLARED_SELECTOR = YES;
				GCC_WARN_UNINITIALIZED_AUTOS = YES_AGGRESSIVE;
				GCC_WARN_UNUSED_FUNCTION = YES;
				GCC_WARN_UNUSED_VARIABLE = YES;
				IPHONEOS_DEPLOYMENT_TARGET = 13.0;
				MTL_ENABLE_DEBUG_INFO = INCLUDE_SOURCE;
				MTL_FAST_MATH = YES;
				ONLY_ACTIVE_ARCH = YES;
				SDKROOT = iphoneos;
				SWIFT_ACTIVE_COMPILATION_CONDITIONS = DEBUG;
				SWIFT_OPTIMIZATION_LEVEL = "-Onone";
			};
			name = Debug;
		};
		7216F8752344319700E94506 /* Release */ = {
			isa = XCBuildConfiguration;
			buildSettings = {
				ALWAYS_SEARCH_USER_PATHS = NO;
				CLANG_ANALYZER_NONNULL = YES;
				CLANG_ANALYZER_NUMBER_OBJECT_CONVERSION = YES_AGGRESSIVE;
				CLANG_CXX_LANGUAGE_STANDARD = "gnu++14";
				CLANG_CXX_LIBRARY = "libc++";
				CLANG_ENABLE_MODULES = YES;
				CLANG_ENABLE_OBJC_ARC = YES;
				CLANG_ENABLE_OBJC_WEAK = YES;
				CLANG_WARN_BLOCK_CAPTURE_AUTORELEASING = YES;
				CLANG_WARN_BOOL_CONVERSION = YES;
				CLANG_WARN_COMMA = YES;
				CLANG_WARN_CONSTANT_CONVERSION = YES;
				CLANG_WARN_DEPRECATED_OBJC_IMPLEMENTATIONS = YES;
				CLANG_WARN_DIRECT_OBJC_ISA_USAGE = YES_ERROR;
				CLANG_WARN_DOCUMENTATION_COMMENTS = YES;
				CLANG_WARN_EMPTY_BODY = YES;
				CLANG_WARN_ENUM_CONVERSION = YES;
				CLANG_WARN_INFINITE_RECURSION = YES;
				CLANG_WARN_INT_CONVERSION = YES;
				CLANG_WARN_NON_LITERAL_NULL_CONVERSION = YES;
				CLANG_WARN_OBJC_IMPLICIT_RETAIN_SELF = YES;
				CLANG_WARN_OBJC_LITERAL_CONVERSION = YES;
				CLANG_WARN_OBJC_ROOT_CLASS = YES_ERROR;
				CLANG_WARN_RANGE_LOOP_ANALYSIS = YES;
				CLANG_WARN_STRICT_PROTOTYPES = YES;
				CLANG_WARN_SUSPICIOUS_MOVE = YES;
				CLANG_WARN_UNGUARDED_AVAILABILITY = YES_AGGRESSIVE;
				CLANG_WARN_UNREACHABLE_CODE = YES;
				CLANG_WARN__DUPLICATE_METHOD_MATCH = YES;
				COPY_PHASE_STRIP = NO;
				DEBUG_INFORMATION_FORMAT = "dwarf-with-dsym";
				ENABLE_NS_ASSERTIONS = NO;
				ENABLE_STRICT_OBJC_MSGSEND = YES;
				GCC_C_LANGUAGE_STANDARD = gnu11;
				GCC_NO_COMMON_BLOCKS = YES;
				GCC_WARN_64_TO_32_BIT_CONVERSION = YES;
				GCC_WARN_ABOUT_RETURN_TYPE = YES_ERROR;
				GCC_WARN_UNDECLARED_SELECTOR = YES;
				GCC_WARN_UNINITIALIZED_AUTOS = YES_AGGRESSIVE;
				GCC_WARN_UNUSED_FUNCTION = YES;
				GCC_WARN_UNUSED_VARIABLE = YES;
				IPHONEOS_DEPLOYMENT_TARGET = 13.0;
				MTL_ENABLE_DEBUG_INFO = NO;
				MTL_FAST_MATH = YES;
				SDKROOT = iphoneos;
				SWIFT_COMPILATION_MODE = wholemodule;
				SWIFT_OPTIMIZATION_LEVEL = "-O";
				VALIDATE_PRODUCT = YES;
			};
			name = Release;
		};
		7216F8772344319700E94506 /* Debug */ = {
			isa = XCBuildConfiguration;
			buildSettings = {
				ASSETCATALOG_COMPILER_APPICON_NAME = AppIcon;
				CODE_SIGN_STYLE = Automatic;
				DEVELOPMENT_TEAM = JPRQ9XJ746;
				INFOPLIST_FILE = NavigationPrototype/Info.plist;
				LD_RUNPATH_SEARCH_PATHS = (
					"$(inherited)",
					"@executable_path/Frameworks",
				);
				PRODUCT_BUNDLE_IDENTIFIER = com.asiantech.NavigationPrototype;
				PRODUCT_NAME = "$(TARGET_NAME)";
				SWIFT_VERSION = 5.0;
				TARGETED_DEVICE_FAMILY = "1,2";
			};
			name = Debug;
		};
		7216F8782344319700E94506 /* Release */ = {
			isa = XCBuildConfiguration;
			buildSettings = {
				ASSETCATALOG_COMPILER_APPICON_NAME = AppIcon;
				CODE_SIGN_STYLE = Automatic;
				DEVELOPMENT_TEAM = JPRQ9XJ746;
				INFOPLIST_FILE = NavigationPrototype/Info.plist;
				LD_RUNPATH_SEARCH_PATHS = (
					"$(inherited)",
					"@executable_path/Frameworks",
				);
				PRODUCT_BUNDLE_IDENTIFIER = com.asiantech.NavigationPrototype;
				PRODUCT_NAME = "$(TARGET_NAME)";
				SWIFT_VERSION = 5.0;
				TARGETED_DEVICE_FAMILY = "1,2";
			};
			name = Release;
		};
		7216F87A2344319700E94506 /* Debug */ = {
			isa = XCBuildConfiguration;
			buildSettings = {
				ALWAYS_EMBED_SWIFT_STANDARD_LIBRARIES = YES;
				BUNDLE_LOADER = "$(TEST_HOST)";
				CODE_SIGN_STYLE = Automatic;
				DEVELOPMENT_TEAM = JPRQ9XJ746;
				INFOPLIST_FILE = NavigationPrototypeTests/Info.plist;
				IPHONEOS_DEPLOYMENT_TARGET = 13.0;
				LD_RUNPATH_SEARCH_PATHS = (
					"$(inherited)",
					"@executable_path/Frameworks",
					"@loader_path/Frameworks",
				);
				PRODUCT_BUNDLE_IDENTIFIER = com.asiantech.NavigationPrototypeTests;
				PRODUCT_NAME = "$(TARGET_NAME)";
				SWIFT_VERSION = 5.0;
				TARGETED_DEVICE_FAMILY = "1,2";
				TEST_HOST = "$(BUILT_PRODUCTS_DIR)/NavigationPrototype.app/NavigationPrototype";
			};
			name = Debug;
		};
		7216F87B2344319700E94506 /* Release */ = {
			isa = XCBuildConfiguration;
			buildSettings = {
				ALWAYS_EMBED_SWIFT_STANDARD_LIBRARIES = YES;
				BUNDLE_LOADER = "$(TEST_HOST)";
				CODE_SIGN_STYLE = Automatic;
				DEVELOPMENT_TEAM = JPRQ9XJ746;
				INFOPLIST_FILE = NavigationPrototypeTests/Info.plist;
				IPHONEOS_DEPLOYMENT_TARGET = 13.0;
				LD_RUNPATH_SEARCH_PATHS = (
					"$(inherited)",
					"@executable_path/Frameworks",
					"@loader_path/Frameworks",
				);
				PRODUCT_BUNDLE_IDENTIFIER = com.asiantech.NavigationPrototypeTests;
				PRODUCT_NAME = "$(TARGET_NAME)";
				SWIFT_VERSION = 5.0;
				TARGETED_DEVICE_FAMILY = "1,2";
				TEST_HOST = "$(BUILT_PRODUCTS_DIR)/NavigationPrototype.app/NavigationPrototype";
			};
			name = Release;
		};
		7216F87D2344319700E94506 /* Debug */ = {
			isa = XCBuildConfiguration;
			buildSettings = {
				ALWAYS_EMBED_SWIFT_STANDARD_LIBRARIES = YES;
				CODE_SIGN_STYLE = Automatic;
				DEVELOPMENT_TEAM = JPRQ9XJ746;
				INFOPLIST_FILE = NavigationPrototypeUITests/Info.plist;
				LD_RUNPATH_SEARCH_PATHS = (
					"$(inherited)",
					"@executable_path/Frameworks",
					"@loader_path/Frameworks",
				);
				PRODUCT_BUNDLE_IDENTIFIER = com.asiantech.NavigationPrototypeUITests;
				PRODUCT_NAME = "$(TARGET_NAME)";
				SWIFT_VERSION = 5.0;
				TARGETED_DEVICE_FAMILY = "1,2";
				TEST_TARGET_NAME = NavigationPrototype;
			};
			name = Debug;
		};
		7216F87E2344319700E94506 /* Release */ = {
			isa = XCBuildConfiguration;
			buildSettings = {
				ALWAYS_EMBED_SWIFT_STANDARD_LIBRARIES = YES;
				CODE_SIGN_STYLE = Automatic;
				DEVELOPMENT_TEAM = JPRQ9XJ746;
				INFOPLIST_FILE = NavigationPrototypeUITests/Info.plist;
				LD_RUNPATH_SEARCH_PATHS = (
					"$(inherited)",
					"@executable_path/Frameworks",
					"@loader_path/Frameworks",
				);
				PRODUCT_BUNDLE_IDENTIFIER = com.asiantech.NavigationPrototypeUITests;
				PRODUCT_NAME = "$(TARGET_NAME)";
				SWIFT_VERSION = 5.0;
				TARGETED_DEVICE_FAMILY = "1,2";
				TEST_TARGET_NAME = NavigationPrototype;
			};
			name = Release;
		};
/* End XCBuildConfiguration section */

/* Begin XCConfigurationList section */
		7216F8472344319500E94506 /* Build configuration list for PBXProject "NavigationPrototype" */ = {
			isa = XCConfigurationList;
			buildConfigurations = (
				7216F8742344319700E94506 /* Debug */,
				7216F8752344319700E94506 /* Release */,
			);
			defaultConfigurationIsVisible = 0;
			defaultConfigurationName = Release;
		};
		7216F8762344319700E94506 /* Build configuration list for PBXNativeTarget "NavigationPrototype" */ = {
			isa = XCConfigurationList;
			buildConfigurations = (
				7216F8772344319700E94506 /* Debug */,
				7216F8782344319700E94506 /* Release */,
			);
			defaultConfigurationIsVisible = 0;
			defaultConfigurationName = Release;
		};
		7216F8792344319700E94506 /* Build configuration list for PBXNativeTarget "NavigationPrototypeTests" */ = {
			isa = XCConfigurationList;
			buildConfigurations = (
				7216F87A2344319700E94506 /* Debug */,
				7216F87B2344319700E94506 /* Release */,
			);
			defaultConfigurationIsVisible = 0;
			defaultConfigurationName = Release;
		};
		7216F87C2344319700E94506 /* Build configuration list for PBXNativeTarget "NavigationPrototypeUITests" */ = {
			isa = XCConfigurationList;
			buildConfigurations = (
				7216F87D2344319700E94506 /* Debug */,
				7216F87E2344319700E94506 /* Release */,
			);
			defaultConfigurationIsVisible = 0;
			defaultConfigurationName = Release;
		};
/* End XCConfigurationList section */
	};
	rootObject = 7216F8442344319500E94506 /* Project object */;
}
