// !$*UTF8*$!
{
	archiveVersion = 1;
	classes = {
	};
	objectVersion = 50;
	objects = {

/* Begin PBXBuildFile section */
		1C8E821B22F824EF00EEE2D1 /* AppDelegate.swift in Sources */ = {isa = PBXBuildFile; fileRef = 1C8E821A22F824EF00EEE2D1 /* AppDelegate.swift */; };
		1C8E822222F824F200EEE2D1 /* Assets.xcassets in Resources */ = {isa = PBXBuildFile; fileRef = 1C8E822122F824F200EEE2D1 /* Assets.xcassets */; };
		1C8E822522F824F200EEE2D1 /* LaunchScreen.storyboard in Resources */ = {isa = PBXBuildFile; fileRef = 1C8E822322F824F200EEE2D1 /* LaunchScreen.storyboard */; };
		1C8E823D22F827E700EEE2D1 /* MainViewController.swift in Sources */ = {isa = PBXBuildFile; fileRef = 1C8E823B22F827E700EEE2D1 /* MainViewController.swift */; };
		1C8E823E22F827E700EEE2D1 /* MainViewController.xib in Resources */ = {isa = PBXBuildFile; fileRef = 1C8E823C22F827E700EEE2D1 /* MainViewController.xib */; };
		1C8E824622F82A5E00EEE2D1 /* PopUpView.swift in Sources */ = {isa = PBXBuildFile; fileRef = 1C8E824522F82A5E00EEE2D1 /* PopUpView.swift */; };
		1C8E824822F82A6C00EEE2D1 /* PopUpView.xib in Resources */ = {isa = PBXBuildFile; fileRef = 1C8E824722F82A6C00EEE2D1 /* PopUpView.xib */; };
/* End PBXBuildFile section */

/* Begin PBXFileReference section */
		1C8E821722F824EF00EEE2D1 /* CustomViewTest.app */ = {isa = PBXFileReference; explicitFileType = wrapper.application; includeInIndex = 0; path = CustomViewTest.app; sourceTree = BUILT_PRODUCTS_DIR; };
		1C8E821A22F824EF00EEE2D1 /* AppDelegate.swift */ = {isa = PBXFileReference; lastKnownFileType = sourcecode.swift; path = AppDelegate.swift; sourceTree = "<group>"; };
		1C8E822122F824F200EEE2D1 /* Assets.xcassets */ = {isa = PBXFileReference; lastKnownFileType = folder.assetcatalog; path = Assets.xcassets; sourceTree = "<group>"; };
		1C8E822422F824F200EEE2D1 /* Base */ = {isa = PBXFileReference; lastKnownFileType = file.storyboard; name = Base; path = Base.lproj/LaunchScreen.storyboard; sourceTree = "<group>"; };
		1C8E822622F824F200EEE2D1 /* Info.plist */ = {isa = PBXFileReference; lastKnownFileType = text.plist.xml; path = Info.plist; sourceTree = "<group>"; };
		1C8E823B22F827E700EEE2D1 /* MainViewController.swift */ = {isa = PBXFileReference; lastKnownFileType = sourcecode.swift; path = MainViewController.swift; sourceTree = "<group>"; };
		1C8E823C22F827E700EEE2D1 /* MainViewController.xib */ = {isa = PBXFileReference; lastKnownFileType = file.xib; path = MainViewController.xib; sourceTree = "<group>"; };
		1C8E824522F82A5E00EEE2D1 /* PopUpView.swift */ = {isa = PBXFileReference; lastKnownFileType = sourcecode.swift; path = PopUpView.swift; sourceTree = "<group>"; };
		1C8E824722F82A6C00EEE2D1 /* PopUpView.xib */ = {isa = PBXFileReference; lastKnownFileType = file.xib; path = PopUpView.xib; sourceTree = "<group>"; };
/* End PBXFileReference section */

/* Begin PBXFrameworksBuildPhase section */
		1C8E821422F824EF00EEE2D1 /* Frameworks */ = {
			isa = PBXFrameworksBuildPhase;
			buildActionMask = 2147483647;
			files = (
			);
			runOnlyForDeploymentPostprocessing = 0;
		};
/* End PBXFrameworksBuildPhase section */

/* Begin PBXGroup section */
		1C8E820E22F824EF00EEE2D1 = {
			isa = PBXGroup;
			children = (
				1C8E821922F824EF00EEE2D1 /* CustomViewTest */,
				1C8E821822F824EF00EEE2D1 /* Products */,
			);
			sourceTree = "<group>";
		};
		1C8E821822F824EF00EEE2D1 /* Products */ = {
			isa = PBXGroup;
			children = (
				1C8E821722F824EF00EEE2D1 /* CustomViewTest.app */,
			);
			name = Products;
			sourceTree = "<group>";
		};
		1C8E821922F824EF00EEE2D1 /* CustomViewTest */ = {
			isa = PBXGroup;
			children = (
				1C8E822C22F8251D00EEE2D1 /* AppDelegate */,
				1C8E823A22F827D100EEE2D1 /* Controller */,
				1C8E822E22F8253800EEE2D1 /* Models */,
				1C8E822F22F8253E00EEE2D1 /* Views */,
				1C8E822D22F8252500EEE2D1 /* Resources */,
			);
			path = CustomViewTest;
			sourceTree = "<group>";
		};
		1C8E822C22F8251D00EEE2D1 /* AppDelegate */ = {
			isa = PBXGroup;
			children = (
				1C8E821A22F824EF00EEE2D1 /* AppDelegate.swift */,
			);
			path = AppDelegate;
			sourceTree = "<group>";
		};
		1C8E822D22F8252500EEE2D1 /* Resources */ = {
			isa = PBXGroup;
			children = (
				1C8E822122F824F200EEE2D1 /* Assets.xcassets */,
				1C8E822322F824F200EEE2D1 /* LaunchScreen.storyboard */,
				1C8E822622F824F200EEE2D1 /* Info.plist */,
			);
			path = Resources;
			sourceTree = "<group>";
		};
		1C8E822E22F8253800EEE2D1 /* Models */ = {
			isa = PBXGroup;
			children = (
			);
			path = Models;
			sourceTree = "<group>";
		};
		1C8E822F22F8253E00EEE2D1 /* Views */ = {
			isa = PBXGroup;
			children = (
				1C8E824522F82A5E00EEE2D1 /* PopUpView.swift */,
				1C8E824722F82A6C00EEE2D1 /* PopUpView.xib */,
			);
			path = Views;
			sourceTree = "<group>";
		};
		1C8E823A22F827D100EEE2D1 /* Controller */ = {
			isa = PBXGroup;
			children = (
				1C8E823B22F827E700EEE2D1 /* MainViewController.swift */,
				1C8E823C22F827E700EEE2D1 /* MainViewController.xib */,
			);
			path = Controller;
			sourceTree = "<group>";
		};
/* End PBXGroup section */

/* Begin PBXNativeTarget section */
		1C8E821622F824EF00EEE2D1 /* CustomViewTest */ = {
			isa = PBXNativeTarget;
			buildConfigurationList = 1C8E822922F824F200EEE2D1 /* Build configuration list for PBXNativeTarget "CustomViewTest" */;
			buildPhases = (
				1C8E821322F824EF00EEE2D1 /* Sources */,
				1C8E821422F824EF00EEE2D1 /* Frameworks */,
				1C8E821522F824EF00EEE2D1 /* Resources */,
			);
			buildRules = (
			);
			dependencies = (
			);
			name = CustomViewTest;
			productName = CustomViewTest;
			productReference = 1C8E821722F824EF00EEE2D1 /* CustomViewTest.app */;
			productType = "com.apple.product-type.application";
		};
/* End PBXNativeTarget section */

/* Begin PBXProject section */
		1C8E820F22F824EF00EEE2D1 /* Project object */ = {
			isa = PBXProject;
			attributes = {
				LastSwiftUpdateCheck = 1030;
				LastUpgradeCheck = 1030;
				ORGANIZATIONNAME = "Nguyen Duong";
				TargetAttributes = {
					1C8E821622F824EF00EEE2D1 = {
						CreatedOnToolsVersion = 10.3;
					};
				};
			};
			buildConfigurationList = 1C8E821222F824EF00EEE2D1 /* Build configuration list for PBXProject "CustomViewTest" */;
			compatibilityVersion = "Xcode 9.3";
			developmentRegion = en;
			hasScannedForEncodings = 0;
			knownRegions = (
				en,
				Base,
			);
			mainGroup = 1C8E820E22F824EF00EEE2D1;
			productRefGroup = 1C8E821822F824EF00EEE2D1 /* Products */;
			projectDirPath = "";
			projectRoot = "";
			targets = (
				1C8E821622F824EF00EEE2D1 /* CustomViewTest */,
			);
		};
/* End PBXProject section */

/* Begin PBXResourcesBuildPhase section */
		1C8E821522F824EF00EEE2D1 /* Resources */ = {
			isa = PBXResourcesBuildPhase;
			buildActionMask = 2147483647;
			files = (
				1C8E822522F824F200EEE2D1 /* LaunchScreen.storyboard in Resources */,
				1C8E824822F82A6C00EEE2D1 /* PopUpView.xib in Resources */,
				1C8E823E22F827E700EEE2D1 /* MainViewController.xib in Resources */,
				1C8E822222F824F200EEE2D1 /* Assets.xcassets in Resources */,
			);
			runOnlyForDeploymentPostprocessing = 0;
		};
/* End PBXResourcesBuildPhase section */

/* Begin PBXSourcesBuildPhase section */
		1C8E821322F824EF00EEE2D1 /* Sources */ = {
			isa = PBXSourcesBuildPhase;
			buildActionMask = 2147483647;
			files = (
				1C8E824622F82A5E00EEE2D1 /* PopUpView.swift in Sources */,
				1C8E821B22F824EF00EEE2D1 /* AppDelegate.swift in Sources */,
				1C8E823D22F827E700EEE2D1 /* MainViewController.swift in Sources */,
			);
			runOnlyForDeploymentPostprocessing = 0;
		};
/* End PBXSourcesBuildPhase section */

/* Begin PBXVariantGroup section */
		1C8E822322F824F200EEE2D1 /* LaunchScreen.storyboard */ = {
			isa = PBXVariantGroup;
			children = (
				1C8E822422F824F200EEE2D1 /* Base */,
			);
			name = LaunchScreen.storyboard;
			sourceTree = "<group>";
		};
/* End PBXVariantGroup section */

/* Begin XCBuildConfiguration section */
		1C8E822722F824F200EEE2D1 /* Debug */ = {
			isa = XCBuildConfiguration;
			buildSettings = {
				ALWAYS_SEARCH_USER_PATHS = NO;
				CLANG_ANALYZER_NONNULL = YES;
				CLANG_ANALYZER_NUMBER_OBJECT_CONVERSION = YES_AGGRESSIVE;
				CLANG_CXX_LANGUAGE_STANDARD = "gnu++14";
				CLANG_CXX_LIBRARY = "libc++";
				CLANG_ENABLE_MODULES = YES;
				CLANG_ENABLE_OBJC_ARC = YES;
				CLANG_ENABLE_OBJC_WEAK = YES;
				CLANG_WARN_BLOCK_CAPTURE_AUTORELEASING = YES;
				CLANG_WARN_BOOL_CONVERSION = YES;
				CLANG_WARN_COMMA = YES;
				CLANG_WARN_CONSTANT_CONVERSION = YES;
				CLANG_WARN_DEPRECATED_OBJC_IMPLEMENTATIONS = YES;
				CLANG_WARN_DIRECT_OBJC_ISA_USAGE = YES_ERROR;
				CLANG_WARN_DOCUMENTATION_COMMENTS = YES;
				CLANG_WARN_EMPTY_BODY = YES;
				CLANG_WARN_ENUM_CONVERSION = YES;
				CLANG_WARN_INFINITE_RECURSION = YES;
				CLANG_WARN_INT_CONVERSION = YES;
				CLANG_WARN_NON_LITERAL_NULL_CONVERSION = YES;
				CLANG_WARN_OBJC_IMPLICIT_RETAIN_SELF = YES;
				CLANG_WARN_OBJC_LITERAL_CONVERSION = YES;
				CLANG_WARN_OBJC_ROOT_CLASS = YES_ERROR;
				CLANG_WARN_RANGE_LOOP_ANALYSIS = YES;
				CLANG_WARN_STRICT_PROTOTYPES = YES;
				CLANG_WARN_SUSPICIOUS_MOVE = YES;
				CLANG_WARN_UNGUARDED_AVAILABILITY = YES_AGGRESSIVE;
				CLANG_WARN_UNREACHABLE_CODE = YES;
				CLANG_WARN__DUPLICATE_METHOD_MATCH = YES;
				CODE_SIGN_IDENTITY = "iPhone Developer";
				COPY_PHASE_STRIP = NO;
				DEBUG_INFORMATION_FORMAT = dwarf;
				ENABLE_STRICT_OBJC_MSGSEND = YES;
				ENABLE_TESTABILITY = YES;
				GCC_C_LANGUAGE_STANDARD = gnu11;
				GCC_DYNAMIC_NO_PIC = NO;
				GCC_NO_COMMON_BLOCKS = YES;
				GCC_OPTIMIZATION_LEVEL = 0;
				GCC_PREPROCESSOR_DEFINITIONS = (
					"DEBUG=1",
					"$(inherited)",
				);
				GCC_WARN_64_TO_32_BIT_CONVERSION = YES;
				GCC_WARN_ABOUT_RETURN_TYPE = YES_ERROR;
				GCC_WARN_UNDECLARED_SELECTOR = YES;
				GCC_WARN_UNINITIALIZED_AUTOS = YES_AGGRESSIVE;
				GCC_WARN_UNUSED_FUNCTION = YES;
				GCC_WARN_UNUSED_VARIABLE = YES;
				IPHONEOS_DEPLOYMENT_TARGET = 12.4;
				MTL_ENABLE_DEBUG_INFO = INCLUDE_SOURCE;
				MTL_FAST_MATH = YES;
				ONLY_ACTIVE_ARCH = YES;
				SDKROOT = iphoneos;
				SWIFT_ACTIVE_COMPILATION_CONDITIONS = DEBUG;
				SWIFT_OPTIMIZATION_LEVEL = "-Onone";
			};
			name = Debug;
		};
		1C8E822822F824F200EEE2D1 /* Release */ = {
			isa = XCBuildConfiguration;
			buildSettings = {
				ALWAYS_SEARCH_USER_PATHS = NO;
				CLANG_ANALYZER_NONNULL = YES;
				CLANG_ANALYZER_NUMBER_OBJECT_CONVERSION = YES_AGGRESSIVE;
				CLANG_CXX_LANGUAGE_STANDARD = "gnu++14";
				CLANG_CXX_LIBRARY = "libc++";
				CLANG_ENABLE_MODULES = YES;
				CLANG_ENABLE_OBJC_ARC = YES;
				CLANG_ENABLE_OBJC_WEAK = YES;
				CLANG_WARN_BLOCK_CAPTURE_AUTORELEASING = YES;
				CLANG_WARN_BOOL_CONVERSION = YES;
				CLANG_WARN_COMMA = YES;
				CLANG_WARN_CONSTANT_CONVERSION = YES;
				CLANG_WARN_DEPRECATED_OBJC_IMPLEMENTATIONS = YES;
				CLANG_WARN_DIRECT_OBJC_ISA_USAGE = YES_ERROR;
				CLANG_WARN_DOCUMENTATION_COMMENTS = YES;
				CLANG_WARN_EMPTY_BODY = YES;
				CLANG_WARN_ENUM_CONVERSION = YES;
				CLANG_WARN_INFINITE_RECURSION = YES;
				CLANG_WARN_INT_CONVERSION = YES;
				CLANG_WARN_NON_LITERAL_NULL_CONVERSION = YES;
				CLANG_WARN_OBJC_IMPLICIT_RETAIN_SELF = YES;
				CLANG_WARN_OBJC_LITERAL_CONVERSION = YES;
				CLANG_WARN_OBJC_ROOT_CLASS = YES_ERROR;
				CLANG_WARN_RANGE_LOOP_ANALYSIS = YES;
				CLANG_WARN_STRICT_PROTOTYPES = YES;
				CLANG_WARN_SUSPICIOUS_MOVE = YES;
				CLANG_WARN_UNGUARDED_AVAILABILITY = YES_AGGRESSIVE;
				CLANG_WARN_UNREACHABLE_CODE = YES;
				CLANG_WARN__DUPLICATE_METHOD_MATCH = YES;
				CODE_SIGN_IDENTITY = "iPhone Developer";
				COPY_PHASE_STRIP = NO;
				DEBUG_INFORMATION_FORMAT = "dwarf-with-dsym";
				ENABLE_NS_ASSERTIONS = NO;
				ENABLE_STRICT_OBJC_MSGSEND = YES;
				GCC_C_LANGUAGE_STANDARD = gnu11;
				GCC_NO_COMMON_BLOCKS = YES;
				GCC_WARN_64_TO_32_BIT_CONVERSION = YES;
				GCC_WARN_ABOUT_RETURN_TYPE = YES_ERROR;
				GCC_WARN_UNDECLARED_SELECTOR = YES;
				GCC_WARN_UNINITIALIZED_AUTOS = YES_AGGRESSIVE;
				GCC_WARN_UNUSED_FUNCTION = YES;
				GCC_WARN_UNUSED_VARIABLE = YES;
				IPHONEOS_DEPLOYMENT_TARGET = 12.4;
				MTL_ENABLE_DEBUG_INFO = NO;
				MTL_FAST_MATH = YES;
				SDKROOT = iphoneos;
				SWIFT_COMPILATION_MODE = wholemodule;
				SWIFT_OPTIMIZATION_LEVEL = "-O";
				VALIDATE_PRODUCT = YES;
			};
			name = Release;
		};
		1C8E822A22F824F200EEE2D1 /* Debug */ = {
			isa = XCBuildConfiguration;
			buildSettings = {
				ASSETCATALOG_COMPILER_APPICON_NAME = AppIcon;
				CODE_SIGN_STYLE = Automatic;
				DEVELOPMENT_TEAM = PAHBYMSL7Y;
				INFOPLIST_FILE = "$(SRCROOT)/CustomViewTest/Resources/Info.plist";
				LD_RUNPATH_SEARCH_PATHS = (
					"$(inherited)",
					"@executable_path/Frameworks",
				);
				PRODUCT_BUNDLE_IDENTIFIER = dnt.CustomViewTest;
				PRODUCT_NAME = "$(TARGET_NAME)";
				SWIFT_VERSION = 5.0;
				TARGETED_DEVICE_FAMILY = "1,2";
			};
			name = Debug;
		};
		1C8E822B22F824F200EEE2D1 /* Release */ = {
			isa = XCBuildConfiguration;
			buildSettings = {
				ASSETCATALOG_COMPILER_APPICON_NAME = AppIcon;
				CODE_SIGN_STYLE = Automatic;
				DEVELOPMENT_TEAM = PAHBYMSL7Y;
				INFOPLIST_FILE = "$(SRCROOT)/CustomViewTest/Resources/Info.plist";
				LD_RUNPATH_SEARCH_PATHS = (
					"$(inherited)",
					"@executable_path/Frameworks",
				);
				PRODUCT_BUNDLE_IDENTIFIER = dnt.CustomViewTest;
				PRODUCT_NAME = "$(TARGET_NAME)";
				SWIFT_VERSION = 5.0;
				TARGETED_DEVICE_FAMILY = "1,2";
			};
			name = Release;
		};
/* End XCBuildConfiguration section */

/* Begin XCConfigurationList section */
		1C8E821222F824EF00EEE2D1 /* Build configuration list for PBXProject "CustomViewTest" */ = {
			isa = XCConfigurationList;
			buildConfigurations = (
				1C8E822722F824F200EEE2D1 /* Debug */,
				1C8E822822F824F200EEE2D1 /* Release */,
			);
			defaultConfigurationIsVisible = 0;
			defaultConfigurationName = Release;
		};
		1C8E822922F824F200EEE2D1 /* Build configuration list for PBXNativeTarget "CustomViewTest" */ = {
			isa = XCConfigurationList;
			buildConfigurations = (
				1C8E822A22F824F200EEE2D1 /* Debug */,
				1C8E822B22F824F200EEE2D1 /* Release */,
			);
			defaultConfigurationIsVisible = 0;
			defaultConfigurationName = Release;
		};
/* End XCConfigurationList section */
	};
	rootObject = 1C8E820F22F824EF00EEE2D1 /* Project object */;
}
